{
  "originHash" : "f0d9180a213fc275a583fa58d436a3bfc065d6594dda71faa42ce0c7c69aeabb",
  "pins" : [
    {
      "identity" : "swift-syntax",
      "kind" : "remoteSourceControl",
      "location" : "https://github.com/swiftlang/swift-syntax.git",
      "state" : {
        "revision" : "9de99a78f099e59caf2b2beec65a4c45d54b2081",
        "version" : "603.0.1"
      }
    },
    {
      "identity" : "swift-testing",
      "kind" : "remoteSourceControl",
      "location" : "https://github.com/swiftlang/swift-testing.git",
      "state" : {
        "revision" : "70eff261d7f462cad1fff51e05bcc74aa0b0f420",
        "version" : "6.3.2"
      }
    }
  ],
  "version" : 3
}
